{
  "name": "api-cinema-da-resilia",
  "version": "1.0.0",
  "lockfileVersion": 2,
  "requires": true,
  "packages": {
    "": {
      "name": "api-cinema-da-resilia",
      "version": "1.0.0",
      "license": "MIT",
      "dependencies": {
        "cors": "^2.8.5",
        "dotenv": "^16.0.1",
        "express": "^4.18.1",
        "jest": "^28.1.3",
        "path": "^0.12.7",
        "pragma": "^1.0.0",
        "sqlite3": "^5.0.11",
        "url": "^0.11.0"
      }
    },
    "node_modules/@ampproject/remapping": {
      "version": "2.2.0",
      "resolved": "https://registry.npmjs.org/@ampproject/remapping/-/remapping-2.2.0.tgz",
      "integrity": "